# Generated by pub
# See http://pub.dartlang.org/doc/glossary.html#lockfile
packages:
  path:
    description: path
    source: hosted
    version: "1.3.0"
  quiver:
    description: quiver
    source: hosted
    version: "0.18.2"
  stomp:
    description: stomp
    source: hosted
    version: "0.7.2"
